
Microsoft Visual Studio Solution File, Format Version 12.00
# Visual Studio Version 17
VisualStudioVersion = 17.7.34031.279
MinimumVisualStudioVersion = 10.0.40219.1
Project("{FAE04EC0-301F-11D3-BF4B-00C04F79EFBC}") = "Task_9oktyabr", "Task_9oktyabr\Task_9oktyabr.csproj", "{314AB9A8-C17A-4E20-A914-BEE32A6CBE09}"
EndProject
Global
	GlobalSection(SolutionConfigurationPlatforms) = preSolution
		Debug|Any CPU = Debug|Any CPU
		Release|Any CPU = Release|Any CPU
	EndGlobalSection
	GlobalSection(ProjectConfigurationPlatforms) = postSolution
		{314AB9A8-C17A-4E20-A914-BEE32A6CBE09}.Debug|Any CPU.ActiveCfg = Debug|Any CPU
		{314AB9A8-C17A-4E20-A914-BEE32A6CBE09}.Debug|Any CPU.Build.0 = Debug|Any CPU
		{314AB9A8-C17A-4E20-A914-BEE32A6CBE09}.Release|Any CPU.ActiveCfg = Release|Any CPU
		{314AB9A8-C17A-4E20-A914-BEE32A6CBE09}.Release|Any CPU.Build.0 = Release|Any CPU
	EndGlobalSection
	GlobalSection(SolutionProperties) = preSolution
		HideSolutionNode = FALSE
	EndGlobalSection
	GlobalSection(ExtensibilityGlobals) = postSolution
		SolutionGuid = {1AE1C4B3-901D-45A0-A016-21655875AE06}
	EndGlobalSection
EndGlobal
